
Microsoft Visual Studio Solution File, Format Version 12.00
# Visual Studio Version 17
VisualStudioVersion = 17.5.33414.496
MinimumVisualStudioVersion = 10.0.40219.1
Project("{FAE04EC0-301F-11D3-BF4B-00C04F79EFBC}") = "WontDistractYouTube", "WontDistractYouTube.csproj", "{89FB7A0A-A839-401F-9D8B-2665617224FF}"
EndProject
Global
	GlobalSection(SolutionConfigurationPlatforms) = preSolution
		Debug|Any CPU = Debug|Any CPU
		Release|Any CPU = Release|Any CPU
	EndGlobalSection
	GlobalSection(ProjectConfigurationPlatforms) = postSolution
		{89FB7A0A-A839-401F-9D8B-2665617224FF}.Debug|Any CPU.ActiveCfg = Debug|Any CPU
		{89FB7A0A-A839-401F-9D8B-2665617224FF}.Debug|Any CPU.Build.0 = Debug|Any CPU
		{89FB7A0A-A839-401F-9D8B-2665617224FF}.Release|Any CPU.ActiveCfg = Release|Any CPU
		{89FB7A0A-A839-401F-9D8B-2665617224FF}.Release|Any CPU.Build.0 = Release|Any CPU
	EndGlobalSection
	GlobalSection(SolutionProperties) = preSolution
		HideSolutionNode = FALSE
	EndGlobalSection
	GlobalSection(ExtensibilityGlobals) = postSolution
		SolutionGuid = {54BDFD03-CEE1-44FE-B9FE-5D6A41D8B72D}
	EndGlobalSection
EndGlobal
